
Microsoft Visual Studio Solution File, Format Version 12.00
# Visual Studio Version 17
VisualStudioVersion = 17.0.31903.59
MinimumVisualStudioVersion = 10.0.40219.1
Project("{FAE04EC0-301F-11D3-BF4B-00C04F79EFBC}") = "AiAssistant.Api", "src\AiAssistant.Api.csproj", "{0E96D94F-A720-4EC9-8E14-9E002E363255}"
EndProject
Global
	GlobalSection(SolutionConfigurationPlatforms) = preSolution
		Debug|Any CPU = Debug|Any CPU
		Release|Any CPU = Release|Any CPU
	EndGlobalSection
	GlobalSection(ProjectConfigurationPlatforms) = postSolution
		{0E96D94F-A720-4EC9-8E14-9E002E363255}.Debug|Any CPU.ActiveCfg = Debug|Any CPU
		{0E96D94F-A720-4EC9-8E14-9E002E363255}.Debug|Any CPU.Build.0 = Debug|Any CPU
		{0E96D94F-A720-4EC9-8E14-9E002E363255}.Release|Any CPU.ActiveCfg = Release|Any CPU
		{0E96D94F-A720-4EC9-8E14-9E002E363255}.Release|Any CPU.Build.0 = Release|Any CPU
	EndGlobalSection
EndGlobal
